
Microsoft Visual Studio Solution File, Format Version 12.00
# Visual Studio Version 16
VisualStudioVersion = 16.0.31515.178
MinimumVisualStudioVersion = 10.0.40219.1
Project("{FAE04EC0-301F-11D3-BF4B-00C04F79EFBC}") = "LinkedList", "LinkedList\LinkedList.csproj", "{BFACD9D7-8FB1-4F75-8F95-09E08EE59A13}"
EndProject
Global
	GlobalSection(SolutionConfigurationPlatforms) = preSolution
		Debug|Any CPU = Debug|Any CPU
		Release|Any CPU = Release|Any CPU
	EndGlobalSection
	GlobalSection(ProjectConfigurationPlatforms) = postSolution
		{BFACD9D7-8FB1-4F75-8F95-09E08EE59A13}.Debug|Any CPU.ActiveCfg = Debug|Any CPU
		{BFACD9D7-8FB1-4F75-8F95-09E08EE59A13}.Debug|Any CPU.Build.0 = Debug|Any CPU
		{BFACD9D7-8FB1-4F75-8F95-09E08EE59A13}.Release|Any CPU.ActiveCfg = Release|Any CPU
		{BFACD9D7-8FB1-4F75-8F95-09E08EE59A13}.Release|Any CPU.Build.0 = Release|Any CPU
	EndGlobalSection
	GlobalSection(SolutionProperties) = preSolution
		HideSolutionNode = FALSE
	EndGlobalSection
	GlobalSection(ExtensibilityGlobals) = postSolution
		SolutionGuid = {D8027B0C-8F3D-4396-BA55-858FDA1CCC35}
	EndGlobalSection
EndGlobal
